
Microsoft Visual Studio Solution File, Format Version 12.00
# Visual Studio Version 16
VisualStudioVersion = 16.0.30907.101
MinimumVisualStudioVersion = 10.0.40219.1
Project("{9A19103F-16F7-4668-BE54-9A1E7A4F7556}") = "Incident.App", "Incident\Incident.App.csproj", "{94D31266-828C-4281-89A6-B8179CDDC753}"
EndProject
Global
	GlobalSection(SolutionConfigurationPlatforms) = preSolution
		Debug|Any CPU = Debug|Any CPU
		Release|Any CPU = Release|Any CPU
	EndGlobalSection
	GlobalSection(ProjectConfigurationPlatforms) = postSolution
		{94D31266-828C-4281-89A6-B8179CDDC753}.Debug|Any CPU.ActiveCfg = Debug|Any CPU
		{94D31266-828C-4281-89A6-B8179CDDC753}.Debug|Any CPU.Build.0 = Debug|Any CPU
		{94D31266-828C-4281-89A6-B8179CDDC753}.Release|Any CPU.ActiveCfg = Release|Any CPU
		{94D31266-828C-4281-89A6-B8179CDDC753}.Release|Any CPU.Build.0 = Release|Any CPU
	EndGlobalSection
	GlobalSection(SolutionProperties) = preSolution
		HideSolutionNode = FALSE
	EndGlobalSection
	GlobalSection(ExtensibilityGlobals) = postSolution
		SolutionGuid = {4731761C-F562-46BF-A11D-6587E5EEBA1C}
	EndGlobalSection
EndGlobal
